// !$*UTF8*$!
{
	archiveVersion = 1;
	classes = {
	};
	objectVersion = 50;
	objects = {

/* Begin PBXBuildFile section */
		D9F8297D23C7FBAE006B086E /* AppDelegate.swift in Sources */ = {isa = PBXBuildFile; fileRef = D9F8297C23C7FBAE006B086E /* AppDelegate.swift */; };
		D9F8297F23C7FBAE006B086E /* SceneDelegate.swift in Sources */ = {isa = PBXBuildFile; fileRef = D9F8297E23C7FBAE006B086E /* SceneDelegate.swift */; };
		D9F8298123C7FBAE006B086E /* ViewController.swift in Sources */ = {isa = PBXBuildFile; fileRef = D9F8298023C7FBAE006B086E /* ViewController.swift */; };
		D9F8298423C7FBAE006B086E /* Main.storyboard in Resources */ = {isa = PBXBuildFile; fileRef = D9F8298223C7FBAE006B086E /* Main.storyboard */; };
		D9F8298623C7FBB1006B086E /* Assets.xcassets in Resources */ = {isa = PBXBuildFile; fileRef = D9F8298523C7FBB1006B086E /* Assets.xcassets */; };
		D9F8298923C7FBB1006B086E /* LaunchScreen.storyboard in Resources */ = {isa = PBXBuildFile; fileRef = D9F8298723C7FBB1006B086E /* LaunchScreen.storyboard */; };
		D9F8299423C7FBB1006B086E /* TouchTrackerTests.swift in Sources */ = {isa = PBXBuildFile; fileRef = D9F8299323C7FBB1006B086E /* TouchTrackerTests.swift */; };
		D9F8299F23C7FBB1006B086E /* TouchTrackerUITests.swift in Sources */ = {isa = PBXBuildFile; fileRef = D9F8299E23C7FBB1006B086E /* TouchTrackerUITests.swift */; };
/* End PBXBuildFile section */

/* Begin PBXContainerItemProxy section */
		D9F8299023C7FBB1006B086E /* PBXContainerItemProxy */ = {
			isa = PBXContainerItemProxy;
			containerPortal = D9F8297123C7FBAE006B086E /* Project object */;
			proxyType = 1;
			remoteGlobalIDString = D9F8297823C7FBAE006B086E;
			remoteInfo = TouchTracker;
		};
		D9F8299B23C7FBB1006B086E /* PBXContainerItemProxy */ = {
			isa = PBXContainerItemProxy;
			containerPortal = D9F8297123C7FBAE006B086E /* Project object */;
			proxyType = 1;
			remoteGlobalIDString = D9F8297823C7FBAE006B086E;
			remoteInfo = TouchTracker;
		};
/* End PBXContainerItemProxy section */

/* Begin PBXFileReference section */
		D9F8297923C7FBAE006B086E /* TouchTracker.app */ = {isa = PBXFileReference; explicitFileType = wrapper.application; includeInIndex = 0; path = TouchTracker.app; sourceTree = BUILT_PRODUCTS_DIR; };
		D9F8297C23C7FBAE006B086E /* AppDelegate.swift */ = {isa = PBXFileReference; lastKnownFileType = sourcecode.swift; path = AppDelegate.swift; sourceTree = "<group>"; };
		D9F8297E23C7FBAE006B086E /* SceneDelegate.swift */ = {isa = PBXFileReference; lastKnownFileType = sourcecode.swift; path = SceneDelegate.swift; sourceTree = "<group>"; };
		D9F8298023C7FBAE006B086E /* ViewController.swift */ = {isa = PBXFileReference; lastKnownFileType = sourcecode.swift; path = ViewController.swift; sourceTree = "<group>"; };
		D9F8298323C7FBAE006B086E /* Base */ = {isa = PBXFileReference; lastKnownFileType = file.storyboard; name = Base; path = Base.lproj/Main.storyboard; sourceTree = "<group>"; };
		D9F8298523C7FBB1006B086E /* Assets.xcassets */ = {isa = PBXFileReference; lastKnownFileType = folder.assetcatalog; path = Assets.xcassets; sourceTree = "<group>"; };
		D9F8298823C7FBB1006B086E /* Base */ = {isa = PBXFileReference; lastKnownFileType = file.storyboard; name = Base; path = Base.lproj/LaunchScreen.storyboard; sourceTree = "<group>"; };
		D9F8298A23C7FBB1006B086E /* Info.plist */ = {isa = PBXFileReference; lastKnownFileType = text.plist.xml; path = Info.plist; sourceTree = "<group>"; };
		D9F8298F23C7FBB1006B086E /* TouchTrackerTests.xctest */ = {isa = PBXFileReference; explicitFileType = wrapper.cfbundle; includeInIndex = 0; path = TouchTrackerTests.xctest; sourceTree = BUILT_PRODUCTS_DIR; };
		D9F8299323C7FBB1006B086E /* TouchTrackerTests.swift */ = {isa = PBXFileReference; lastKnownFileType = sourcecode.swift; path = TouchTrackerTests.swift; sourceTree = "<group>"; };
		D9F8299523C7FBB1006B086E /* Info.plist */ = {isa = PBXFileReference; lastKnownFileType = text.plist.xml; path = Info.plist; sourceTree = "<group>"; };
		D9F8299A23C7FBB1006B086E /* TouchTrackerUITests.xctest */ = {isa = PBXFileReference; explicitFileType = wrapper.cfbundle; includeInIndex = 0; path = TouchTrackerUITests.xctest; sourceTree = BUILT_PRODUCTS_DIR; };
		D9F8299E23C7FBB1006B086E /* TouchTrackerUITests.swift */ = {isa = PBXFileReference; lastKnownFileType = sourcecode.swift; path = TouchTrackerUITests.swift; sourceTree = "<group>"; };
		D9F829A023C7FBB1006B086E /* Info.plist */ = {isa = PBXFileReference; lastKnownFileType = text.plist.xml; path = Info.plist; sourceTree = "<group>"; };
/* End PBXFileReference section */

/* Begin PBXFrameworksBuildPhase section */
		D9F8297623C7FBAE006B086E /* Frameworks */ = {
			isa = PBXFrameworksBuildPhase;
			buildActionMask = 2147483647;
			files = (
			);
			runOnlyForDeploymentPostprocessing = 0;
		};
		D9F8298C23C7FBB1006B086E /* Frameworks */ = {
			isa = PBXFrameworksBuildPhase;
			buildActionMask = 2147483647;
			files = (
			);
			runOnlyForDeploymentPostprocessing = 0;
		};
		D9F8299723C7FBB1006B086E /* Frameworks */ = {
			isa = PBXFrameworksBuildPhase;
			buildActionMask = 2147483647;
			files = (
			);
			runOnlyForDeploymentPostprocessing = 0;
		};
/* End PBXFrameworksBuildPhase section */

/* Begin PBXGroup section */
		D9F8297023C7FBAE006B086E = {
			isa = PBXGroup;
			children = (
				D9F8297B23C7FBAE006B086E /* TouchTracker */,
				D9F8299223C7FBB1006B086E /* TouchTrackerTests */,
				D9F8299D23C7FBB1006B086E /* TouchTrackerUITests */,
				D9F8297A23C7FBAE006B086E /* Products */,
			);
			sourceTree = "<group>";
		};
		D9F8297A23C7FBAE006B086E /* Products */ = {
			isa = PBXGroup;
			children = (
				D9F8297923C7FBAE006B086E /* TouchTracker.app */,
				D9F8298F23C7FBB1006B086E /* TouchTrackerTests.xctest */,
				D9F8299A23C7FBB1006B086E /* TouchTrackerUITests.xctest */,
			);
			name = Products;
			sourceTree = "<group>";
		};
		D9F8297B23C7FBAE006B086E /* TouchTracker */ = {
			isa = PBXGroup;
			children = (
				D9F8297C23C7FBAE006B086E /* AppDelegate.swift */,
				D9F8297E23C7FBAE006B086E /* SceneDelegate.swift */,
				D9F8298023C7FBAE006B086E /* ViewController.swift */,
				D9F8298223C7FBAE006B086E /* Main.storyboard */,
				D9F8298523C7FBB1006B086E /* Assets.xcassets */,
				D9F8298723C7FBB1006B086E /* LaunchScreen.storyboard */,
				D9F8298A23C7FBB1006B086E /* Info.plist */,
			);
			path = TouchTracker;
			sourceTree = "<group>";
		};
		D9F8299223C7FBB1006B086E /* TouchTrackerTests */ = {
			isa = PBXGroup;
			children = (
				D9F8299323C7FBB1006B086E /* TouchTrackerTests.swift */,
				D9F8299523C7FBB1006B086E /* Info.plist */,
			);
			path = TouchTrackerTests;
			sourceTree = "<group>";
		};
		D9F8299D23C7FBB1006B086E /* TouchTrackerUITests */ = {
			isa = PBXGroup;
			children = (
				D9F8299E23C7FBB1006B086E /* TouchTrackerUITests.swift */,
				D9F829A023C7FBB1006B086E /* Info.plist */,
			);
			path = TouchTrackerUITests;
			sourceTree = "<group>";
		};
/* End PBXGroup section */

/* Begin PBXNativeTarget section */
		D9F8297823C7FBAE006B086E /* TouchTracker */ = {
			isa = PBXNativeTarget;
			buildConfigurationList = D9F829A323C7FBB1006B086E /* Build configuration list for PBXNativeTarget "TouchTracker" */;
			buildPhases = (
				D9F8297523C7FBAE006B086E /* Sources */,
				D9F8297623C7FBAE006B086E /* Frameworks */,
				D9F8297723C7FBAE006B086E /* Resources */,
			);
			buildRules = (
			);
			dependencies = (
			);
			name = TouchTracker;
			productName = TouchTracker;
			productReference = D9F8297923C7FBAE006B086E /* TouchTracker.app */;
			productType = "com.apple.product-type.application";
		};
		D9F8298E23C7FBB1006B086E /* TouchTrackerTests */ = {
			isa = PBXNativeTarget;
			buildConfigurationList = D9F829A623C7FBB1006B086E /* Build configuration list for PBXNativeTarget "TouchTrackerTests" */;
			buildPhases = (
				D9F8298B23C7FBB1006B086E /* Sources */,
				D9F8298C23C7FBB1006B086E /* Frameworks */,
				D9F8298D23C7FBB1006B086E /* Resources */,
			);
			buildRules = (
			);
			dependencies = (
				D9F8299123C7FBB1006B086E /* PBXTargetDependency */,
			);
			name = TouchTrackerTests;
			productName = TouchTrackerTests;
			productReference = D9F8298F23C7FBB1006B086E /* TouchTrackerTests.xctest */;
			productType = "com.apple.product-type.bundle.unit-test";
		};
		D9F8299923C7FBB1006B086E /* TouchTrackerUITests */ = {
			isa = PBXNativeTarget;
			buildConfigurationList = D9F829A923C7FBB1006B086E /* Build configuration list for PBXNativeTarget "TouchTrackerUITests" */;
			buildPhases = (
				D9F8299623C7FBB1006B086E /* Sources */,
				D9F8299723C7FBB1006B086E /* Frameworks */,
				D9F8299823C7FBB1006B086E /* Resources */,
			);
			buildRules = (
			);
			dependencies = (
				D9F8299C23C7FBB1006B086E /* PBXTargetDependency */,
			);
			name = TouchTrackerUITests;
			productName = TouchTrackerUITests;
			productReference = D9F8299A23C7FBB1006B086E /* TouchTrackerUITests.xctest */;
			productType = "com.apple.product-type.bundle.ui-testing";
		};
/* End PBXNativeTarget section */

/* Begin PBXProject section */
		D9F8297123C7FBAE006B086E /* Project object */ = {
			isa = PBXProject;
			attributes = {
				LastSwiftUpdateCheck = 1120;
				LastUpgradeCheck = 1120;
				ORGANIZATIONNAME = HaroldDavidson;
				TargetAttributes = {
					D9F8297823C7FBAE006B086E = {
						CreatedOnToolsVersion = 11.2.1;
					};
					D9F8298E23C7FBB1006B086E = {
						CreatedOnToolsVersion = 11.2.1;
						TestTargetID = D9F8297823C7FBAE006B086E;
					};
					D9F8299923C7FBB1006B086E = {
						CreatedOnToolsVersion = 11.2.1;
						TestTargetID = D9F8297823C7FBAE006B086E;
					};
				};
			};
			buildConfigurationList = D9F8297423C7FBAE006B086E /* Build configuration list for PBXProject "TouchTracker" */;
			compatibilityVersion = "Xcode 9.3";
			developmentRegion = en;
			hasScannedForEncodings = 0;
			knownRegions = (
				en,
				Base,
			);
			mainGroup = D9F8297023C7FBAE006B086E;
			productRefGroup = D9F8297A23C7FBAE006B086E /* Products */;
			projectDirPath = "";
			projectRoot = "";
			targets = (
				D9F8297823C7FBAE006B086E /* TouchTracker */,
				D9F8298E23C7FBB1006B086E /* TouchTrackerTests */,
				D9F8299923C7FBB1006B086E /* TouchTrackerUITests */,
			);
		};
/* End PBXProject section */

/* Begin PBXResourcesBuildPhase section */
		D9F8297723C7FBAE006B086E /* Resources */ = {
			isa = PBXResourcesBuildPhase;
			buildActionMask = 2147483647;
			files = (
				D9F8298923C7FBB1006B086E /* LaunchScreen.storyboard in Resources */,
				D9F8298623C7FBB1006B086E /* Assets.xcassets in Resources */,
				D9F8298423C7FBAE006B086E /* Main.storyboard in Resources */,
			);
			runOnlyForDeploymentPostprocessing = 0;
		};
		D9F8298D23C7FBB1006B086E /* Resources */ = {
			isa = PBXResourcesBuildPhase;
			buildActionMask = 2147483647;
			files = (
			);
			runOnlyForDeploymentPostprocessing = 0;
		};
		D9F8299823C7FBB1006B086E /* Resources */ = {
			isa = PBXResourcesBuildPhase;
			buildActionMask = 2147483647;
			files = (
			);
			runOnlyForDeploymentPostprocessing = 0;
		};
/* End PBXResourcesBuildPhase section */

/* Begin PBXSourcesBuildPhase section */
		D9F8297523C7FBAE006B086E /* Sources */ = {
			isa = PBXSourcesBuildPhase;
			buildActionMask = 2147483647;
			files = (
				D9F8298123C7FBAE006B086E /* ViewController.swift in Sources */,
				D9F8297D23C7FBAE006B086E /* AppDelegate.swift in Sources */,
				D9F8297F23C7FBAE006B086E /* SceneDelegate.swift in Sources */,
			);
			runOnlyForDeploymentPostprocessing = 0;
		};
		D9F8298B23C7FBB1006B086E /* Sources */ = {
			isa = PBXSourcesBuildPhase;
			buildActionMask = 2147483647;
			files = (
				D9F8299423C7FBB1006B086E /* TouchTrackerTests.swift in Sources */,
			);
			runOnlyForDeploymentPostprocessing = 0;
		};
		D9F8299623C7FBB1006B086E /* Sources */ = {
			isa = PBXSourcesBuildPhase;
			buildActionMask = 2147483647;
			files = (
				D9F8299F23C7FBB1006B086E /* TouchTrackerUITests.swift in Sources */,
			);
			runOnlyForDeploymentPostprocessing = 0;
		};
/* End PBXSourcesBuildPhase section */

/* Begin PBXTargetDependency section */
		D9F8299123C7FBB1006B086E /* PBXTargetDependency */ = {
			isa = PBXTargetDependency;
			target = D9F8297823C7FBAE006B086E /* TouchTracker */;
			targetProxy = D9F8299023C7FBB1006B086E /* PBXContainerItemProxy */;
		};
		D9F8299C23C7FBB1006B086E /* PBXTargetDependency */ = {
			isa = PBXTargetDependency;
			target = D9F8297823C7FBAE006B086E /* TouchTracker */;
			targetProxy = D9F8299B23C7FBB1006B086E /* PBXContainerItemProxy */;
		};
/* End PBXTargetDependency section */

/* Begin PBXVariantGroup section */
		D9F8298223C7FBAE006B086E /* Main.storyboard */ = {
			isa = PBXVariantGroup;
			children = (
				D9F8298323C7FBAE006B086E /* Base */,
			);
			name = Main.storyboard;
			sourceTree = "<group>";
		};
		D9F8298723C7FBB1006B086E /* LaunchScreen.storyboard */ = {
			isa = PBXVariantGroup;
			children = (
				D9F8298823C7FBB1006B086E /* Base */,
			);
			name = LaunchScreen.storyboard;
			sourceTree = "<group>";
		};
/* End PBXVariantGroup section */

/* Begin XCBuildConfiguration section */
		D9F829A123C7FBB1006B086E /* Debug */ = {
			isa = XCBuildConfiguration;
			buildSettings = {
				ALWAYS_SEARCH_USER_PATHS = NO;
				CLANG_ANALYZER_NONNULL = YES;
				CLANG_ANALYZER_NUMBER_OBJECT_CONVERSION = YES_AGGRESSIVE;
				CLANG_CXX_LANGUAGE_STANDARD = "gnu++14";
				CLANG_CXX_LIBRARY = "libc++";
				CLANG_ENABLE_MODULES = YES;
				CLANG_ENABLE_OBJC_ARC = YES;
				CLANG_ENABLE_OBJC_WEAK = YES;
				CLANG_WARN_BLOCK_CAPTURE_AUTORELEASING = YES;
				CLANG_WARN_BOOL_CONVERSION = YES;
				CLANG_WARN_COMMA = YES;
				CLANG_WARN_CONSTANT_CONVERSION = YES;
				CLANG_WARN_DEPRECATED_OBJC_IMPLEMENTATIONS = YES;
				CLANG_WARN_DIRECT_OBJC_ISA_USAGE = YES_ERROR;
				CLANG_WARN_DOCUMENTATION_COMMENTS = YES;
				CLANG_WARN_EMPTY_BODY = YES;
				CLANG_WARN_ENUM_CONVERSION = YES;
				CLANG_WARN_INFINITE_RECURSION = YES;
				CLANG_WARN_INT_CONVERSION = YES;
				CLANG_WARN_NON_LITERAL_NULL_CONVERSION = YES;
				CLANG_WARN_OBJC_IMPLICIT_RETAIN_SELF = YES;
				CLANG_WARN_OBJC_LITERAL_CONVERSION = YES;
				CLANG_WARN_OBJC_ROOT_CLASS = YES_ERROR;
				CLANG_WARN_RANGE_LOOP_ANALYSIS = YES;
				CLANG_WARN_STRICT_PROTOTYPES = YES;
				CLANG_WARN_SUSPICIOUS_MOVE = YES;
				CLANG_WARN_UNGUARDED_AVAILABILITY = YES_AGGRESSIVE;
				CLANG_WARN_UNREACHABLE_CODE = YES;
				CLANG_WARN__DUPLICATE_METHOD_MATCH = YES;
				COPY_PHASE_STRIP = NO;
				DEBUG_INFORMATION_FORMAT = dwarf;
				ENABLE_STRICT_OBJC_MSGSEND = YES;
				ENABLE_TESTABILITY = YES;
				GCC_C_LANGUAGE_STANDARD = gnu11;
				GCC_DYNAMIC_NO_PIC = NO;
				GCC_NO_COMMON_BLOCKS = YES;
				GCC_OPTIMIZATION_LEVEL = 0;
				GCC_PREPROCESSOR_DEFINITIONS = (
					"DEBUG=1",
					"$(inherited)",
				);
				GCC_WARN_64_TO_32_BIT_CONVERSION = YES;
				GCC_WARN_ABOUT_RETURN_TYPE = YES_ERROR;
				GCC_WARN_UNDECLARED_SELECTOR = YES;
				GCC_WARN_UNINITIALIZED_AUTOS = YES_AGGRESSIVE;
				GCC_WARN_UNUSED_FUNCTION = YES;
				GCC_WARN_UNUSED_VARIABLE = YES;
				IPHONEOS_DEPLOYMENT_TARGET = 13.2;
				MTL_ENABLE_DEBUG_INFO = INCLUDE_SOURCE;
				MTL_FAST_MATH = YES;
				ONLY_ACTIVE_ARCH = YES;
				SDKROOT = iphoneos;
				SWIFT_ACTIVE_COMPILATION_CONDITIONS = DEBUG;
				SWIFT_OPTIMIZATION_LEVEL = "-Onone";
			};
			name = Debug;
		};
		D9F829A223C7FBB1006B086E /* Release */ = {
			isa = XCBuildConfiguration;
			buildSettings = {
				ALWAYS_SEARCH_USER_PATHS = NO;
				CLANG_ANALYZER_NONNULL = YES;
				CLANG_ANALYZER_NUMBER_OBJECT_CONVERSION = YES_AGGRESSIVE;
				CLANG_CXX_LANGUAGE_STANDARD = "gnu++14";
				CLANG_CXX_LIBRARY = "libc++";
				CLANG_ENABLE_MODULES = YES;
				CLANG_ENABLE_OBJC_ARC = YES;
				CLANG_ENABLE_OBJC_WEAK = YES;
				CLANG_WARN_BLOCK_CAPTURE_AUTORELEASING = YES;
				CLANG_WARN_BOOL_CONVERSION = YES;
				CLANG_WARN_COMMA = YES;
				CLANG_WARN_CONSTANT_CONVERSION = YES;
				CLANG_WARN_DEPRECATED_OBJC_IMPLEMENTATIONS = YES;
				CLANG_WARN_DIRECT_OBJC_ISA_USAGE = YES_ERROR;
				CLANG_WARN_DOCUMENTATION_COMMENTS = YES;
				CLANG_WARN_EMPTY_BODY = YES;
				CLANG_WARN_ENUM_CONVERSION = YES;
				CLANG_WARN_INFINITE_RECURSION = YES;
				CLANG_WARN_INT_CONVERSION = YES;
				CLANG_WARN_NON_LITERAL_NULL_CONVERSION = YES;
				CLANG_WARN_OBJC_IMPLICIT_RETAIN_SELF = YES;
				CLANG_WARN_OBJC_LITERAL_CONVERSION = YES;
				CLANG_WARN_OBJC_ROOT_CLASS = YES_ERROR;
				CLANG_WARN_RANGE_LOOP_ANALYSIS = YES;
				CLANG_WARN_STRICT_PROTOTYPES = YES;
				CLANG_WARN_SUSPICIOUS_MOVE = YES;
				CLANG_WARN_UNGUARDED_AVAILABILITY = YES_AGGRESSIVE;
				CLANG_WARN_UNREACHABLE_CODE = YES;
				CLANG_WARN__DUPLICATE_METHOD_MATCH = YES;
				COPY_PHASE_STRIP = NO;
				DEBUG_INFORMATION_FORMAT = "dwarf-with-dsym";
				ENABLE_NS_ASSERTIONS = NO;
				ENABLE_STRICT_OBJC_MSGSEND = YES;
				GCC_C_LANGUAGE_STANDARD = gnu11;
				GCC_NO_COMMON_BLOCKS = YES;
				GCC_WARN_64_TO_32_BIT_CONVERSION = YES;
				GCC_WARN_ABOUT_RETURN_TYPE = YES_ERROR;
				GCC_WARN_UNDECLARED_SELECTOR = YES;
				GCC_WARN_UNINITIALIZED_AUTOS = YES_AGGRESSIVE;
				GCC_WARN_UNUSED_FUNCTION = YES;
				GCC_WARN_UNUSED_VARIABLE = YES;
				IPHONEOS_DEPLOYMENT_TARGET = 13.2;
				MTL_ENABLE_DEBUG_INFO = NO;
				MTL_FAST_MATH = YES;
				SDKROOT = iphoneos;
				SWIFT_COMPILATION_MODE = wholemodule;
				SWIFT_OPTIMIZATION_LEVEL = "-O";
				VALIDATE_PRODUCT = YES;
			};
			name = Release;
		};
		D9F829A423C7FBB1006B086E /* Debug */ = {
			isa = XCBuildConfiguration;
			buildSettings = {
				ASSETCATALOG_COMPILER_APPICON_NAME = AppIcon;
				CODE_SIGN_STYLE = Automatic;
				DEVELOPMENT_TEAM = 82G9R7QR7M;
				INFOPLIST_FILE = TouchTracker/Info.plist;
				LD_RUNPATH_SEARCH_PATHS = (
					"$(inherited)",
					"@executable_path/Frameworks",
				);
				PRODUCT_BUNDLE_IDENTIFIER = com.harolddavidson.TouchTracker;
				PRODUCT_NAME = "$(TARGET_NAME)";
				SWIFT_VERSION = 5.0;
				TARGETED_DEVICE_FAMILY = "1,2";
			};
			name = Debug;
		};
		D9F829A523C7FBB1006B086E /* Release */ = {
			isa = XCBuildConfiguration;
			buildSettings = {
				ASSETCATALOG_COMPILER_APPICON_NAME = AppIcon;
				CODE_SIGN_STYLE = Automatic;
				DEVELOPMENT_TEAM = 82G9R7QR7M;
				INFOPLIST_FILE = TouchTracker/Info.plist;
				LD_RUNPATH_SEARCH_PATHS = (
					"$(inherited)",
					"@executable_path/Frameworks",
				);
				PRODUCT_BUNDLE_IDENTIFIER = com.harolddavidson.TouchTracker;
				PRODUCT_NAME = "$(TARGET_NAME)";
				SWIFT_VERSION = 5.0;
				TARGETED_DEVICE_FAMILY = "1,2";
			};
			name = Release;
		};
		D9F829A723C7FBB1006B086E /* Debug */ = {
			isa = XCBuildConfiguration;
			buildSettings = {
				ALWAYS_EMBED_SWIFT_STANDARD_LIBRARIES = YES;
				BUNDLE_LOADER = "$(TEST_HOST)";
				CODE_SIGN_STYLE = Automatic;
				DEVELOPMENT_TEAM = 82G9R7QR7M;
				INFOPLIST_FILE = TouchTrackerTests/Info.plist;
				IPHONEOS_DEPLOYMENT_TARGET = 13.2;
				LD_RUNPATH_SEARCH_PATHS = (
					"$(inherited)",
					"@executable_path/Frameworks",
					"@loader_path/Frameworks",
				);
				PRODUCT_BUNDLE_IDENTIFIER = com.harolddavidson.TouchTrackerTests;
				PRODUCT_NAME = "$(TARGET_NAME)";
				SWIFT_VERSION = 5.0;
				TARGETED_DEVICE_FAMILY = "1,2";
				TEST_HOST = "$(BUILT_PRODUCTS_DIR)/TouchTracker.app/TouchTracker";
			};
			name = Debug;
		};
		D9F829A823C7FBB1006B086E /* Release */ = {
			isa = XCBuildConfiguration;
			buildSettings = {
				ALWAYS_EMBED_SWIFT_STANDARD_LIBRARIES = YES;
				BUNDLE_LOADER = "$(TEST_HOST)";
				CODE_SIGN_STYLE = Automatic;
				DEVELOPMENT_TEAM = 82G9R7QR7M;
				INFOPLIST_FILE = TouchTrackerTests/Info.plist;
				IPHONEOS_DEPLOYMENT_TARGET = 13.2;
				LD_RUNPATH_SEARCH_PATHS = (
					"$(inherited)",
					"@executable_path/Frameworks",
					"@loader_path/Frameworks",
				);
				PRODUCT_BUNDLE_IDENTIFIER = com.harolddavidson.TouchTrackerTests;
				PRODUCT_NAME = "$(TARGET_NAME)";
				SWIFT_VERSION = 5.0;
				TARGETED_DEVICE_FAMILY = "1,2";
				TEST_HOST = "$(BUILT_PRODUCTS_DIR)/TouchTracker.app/TouchTracker";
			};
			name = Release;
		};
		D9F829AA23C7FBB1006B086E /* Debug */ = {
			isa = XCBuildConfiguration;
			buildSettings = {
				ALWAYS_EMBED_SWIFT_STANDARD_LIBRARIES = YES;
				CODE_SIGN_STYLE = Automatic;
				DEVELOPMENT_TEAM = 82G9R7QR7M;
				INFOPLIST_FILE = TouchTrackerUITests/Info.plist;
				LD_RUNPATH_SEARCH_PATHS = (
					"$(inherited)",
					"@executable_path/Frameworks",
					"@loader_path/Frameworks",
				);
				PRODUCT_BUNDLE_IDENTIFIER = com.harolddavidson.TouchTrackerUITests;
				PRODUCT_NAME = "$(TARGET_NAME)";
				SWIFT_VERSION = 5.0;
				TARGETED_DEVICE_FAMILY = "1,2";
				TEST_TARGET_NAME = TouchTracker;
			};
			name = Debug;
		};
		D9F829AB23C7FBB1006B086E /* Release */ = {
			isa = XCBuildConfiguration;
			buildSettings = {
				ALWAYS_EMBED_SWIFT_STANDARD_LIBRARIES = YES;
				CODE_SIGN_STYLE = Automatic;
				DEVELOPMENT_TEAM = 82G9R7QR7M;
				INFOPLIST_FILE = TouchTrackerUITests/Info.plist;
				LD_RUNPATH_SEARCH_PATHS = (
					"$(inherited)",
					"@executable_path/Frameworks",
					"@loader_path/Frameworks",
				);
				PRODUCT_BUNDLE_IDENTIFIER = com.harolddavidson.TouchTrackerUITests;
				PRODUCT_NAME = "$(TARGET_NAME)";
				SWIFT_VERSION = 5.0;
				TARGETED_DEVICE_FAMILY = "1,2";
				TEST_TARGET_NAME = TouchTracker;
			};
			name = Release;
		};
/* End XCBuildConfiguration section */

/* Begin XCConfigurationList section */
		D9F8297423C7FBAE006B086E /* Build configuration list for PBXProject "TouchTracker" */ = {
			isa = XCConfigurationList;
			buildConfigurations = (
				D9F829A123C7FBB1006B086E /* Debug */,
				D9F829A223C7FBB1006B086E /* Release */,
			);
			defaultConfigurationIsVisible = 0;
			defaultConfigurationName = Release;
		};
		D9F829A323C7FBB1006B086E /* Build configuration list for PBXNativeTarget "TouchTracker" */ = {
			isa = XCConfigurationList;
			buildConfigurations = (
				D9F829A423C7FBB1006B086E /* Debug */,
				D9F829A523C7FBB1006B086E /* Release */,
			);
			defaultConfigurationIsVisible = 0;
			defaultConfigurationName = Release;
		};
		D9F829A623C7FBB1006B086E /* Build configuration list for PBXNativeTarget "TouchTrackerTests" */ = {
			isa = XCConfigurationList;
			buildConfigurations = (
				D9F829A723C7FBB1006B086E /* Debug */,
				D9F829A823C7FBB1006B086E /* Release */,
			);
			defaultConfigurationIsVisible = 0;
			defaultConfigurationName = Release;
		};
		D9F829A923C7FBB1006B086E /* Build configuration list for PBXNativeTarget "TouchTrackerUITests" */ = {
			isa = XCConfigurationList;
			buildConfigurations = (
				D9F829AA23C7FBB1006B086E /* Debug */,
				D9F829AB23C7FBB1006B086E /* Release */,
			);
			defaultConfigurationIsVisible = 0;
			defaultConfigurationName = Release;
		};
/* End XCConfigurationList section */
	};
	rootObject = D9F8297123C7FBAE006B086E /* Project object */;
}
