// !$*UTF8*$!
{
	archiveVersion = 1;
	classes = {
	};
	objectVersion = 50;
	objects = {

/* Begin PBXBuildFile section */
		D91642E223D18BE700CCBD71 /* AppDelegate.swift in Sources */ = {isa = PBXBuildFile; fileRef = D91642E123D18BE700CCBD71 /* AppDelegate.swift */; };
		D91642E423D18BE700CCBD71 /* SceneDelegate.swift in Sources */ = {isa = PBXBuildFile; fileRef = D91642E323D18BE700CCBD71 /* SceneDelegate.swift */; };
		D91642E623D18BE700CCBD71 /* ViewController.swift in Sources */ = {isa = PBXBuildFile; fileRef = D91642E523D18BE700CCBD71 /* ViewController.swift */; };
		D91642E923D18BE700CCBD71 /* Main.storyboard in Resources */ = {isa = PBXBuildFile; fileRef = D91642E723D18BE700CCBD71 /* Main.storyboard */; };
		D91642EB23D18BE900CCBD71 /* Assets.xcassets in Resources */ = {isa = PBXBuildFile; fileRef = D91642EA23D18BE900CCBD71 /* Assets.xcassets */; };
		D91642EE23D18BE900CCBD71 /* LaunchScreen.storyboard in Resources */ = {isa = PBXBuildFile; fileRef = D91642EC23D18BE900CCBD71 /* LaunchScreen.storyboard */; };
		D91642F923D18BE900CCBD71 /* PhotoramaTests.swift in Sources */ = {isa = PBXBuildFile; fileRef = D91642F823D18BE900CCBD71 /* PhotoramaTests.swift */; };
		D916430423D18BEA00CCBD71 /* PhotoramaUITests.swift in Sources */ = {isa = PBXBuildFile; fileRef = D916430323D18BEA00CCBD71 /* PhotoramaUITests.swift */; };
/* End PBXBuildFile section */

/* Begin PBXContainerItemProxy section */
		D91642F523D18BE900CCBD71 /* PBXContainerItemProxy */ = {
			isa = PBXContainerItemProxy;
			containerPortal = D91642D623D18BE700CCBD71 /* Project object */;
			proxyType = 1;
			remoteGlobalIDString = D91642DD23D18BE700CCBD71;
			remoteInfo = Photorama;
		};
		D916430023D18BEA00CCBD71 /* PBXContainerItemProxy */ = {
			isa = PBXContainerItemProxy;
			containerPortal = D91642D623D18BE700CCBD71 /* Project object */;
			proxyType = 1;
			remoteGlobalIDString = D91642DD23D18BE700CCBD71;
			remoteInfo = Photorama;
		};
/* End PBXContainerItemProxy section */

/* Begin PBXFileReference section */
		D91642DE23D18BE700CCBD71 /* Photorama.app */ = {isa = PBXFileReference; explicitFileType = wrapper.application; includeInIndex = 0; path = Photorama.app; sourceTree = BUILT_PRODUCTS_DIR; };
		D91642E123D18BE700CCBD71 /* AppDelegate.swift */ = {isa = PBXFileReference; lastKnownFileType = sourcecode.swift; path = AppDelegate.swift; sourceTree = "<group>"; };
		D91642E323D18BE700CCBD71 /* SceneDelegate.swift */ = {isa = PBXFileReference; lastKnownFileType = sourcecode.swift; path = SceneDelegate.swift; sourceTree = "<group>"; };
		D91642E523D18BE700CCBD71 /* ViewController.swift */ = {isa = PBXFileReference; lastKnownFileType = sourcecode.swift; path = ViewController.swift; sourceTree = "<group>"; };
		D91642E823D18BE700CCBD71 /* Base */ = {isa = PBXFileReference; lastKnownFileType = file.storyboard; name = Base; path = Base.lproj/Main.storyboard; sourceTree = "<group>"; };
		D91642EA23D18BE900CCBD71 /* Assets.xcassets */ = {isa = PBXFileReference; lastKnownFileType = folder.assetcatalog; path = Assets.xcassets; sourceTree = "<group>"; };
		D91642ED23D18BE900CCBD71 /* Base */ = {isa = PBXFileReference; lastKnownFileType = file.storyboard; name = Base; path = Base.lproj/LaunchScreen.storyboard; sourceTree = "<group>"; };
		D91642EF23D18BE900CCBD71 /* Info.plist */ = {isa = PBXFileReference; lastKnownFileType = text.plist.xml; path = Info.plist; sourceTree = "<group>"; };
		D91642F423D18BE900CCBD71 /* PhotoramaTests.xctest */ = {isa = PBXFileReference; explicitFileType = wrapper.cfbundle; includeInIndex = 0; path = PhotoramaTests.xctest; sourceTree = BUILT_PRODUCTS_DIR; };
		D91642F823D18BE900CCBD71 /* PhotoramaTests.swift */ = {isa = PBXFileReference; lastKnownFileType = sourcecode.swift; path = PhotoramaTests.swift; sourceTree = "<group>"; };
		D91642FA23D18BE900CCBD71 /* Info.plist */ = {isa = PBXFileReference; lastKnownFileType = text.plist.xml; path = Info.plist; sourceTree = "<group>"; };
		D91642FF23D18BEA00CCBD71 /* PhotoramaUITests.xctest */ = {isa = PBXFileReference; explicitFileType = wrapper.cfbundle; includeInIndex = 0; path = PhotoramaUITests.xctest; sourceTree = BUILT_PRODUCTS_DIR; };
		D916430323D18BEA00CCBD71 /* PhotoramaUITests.swift */ = {isa = PBXFileReference; lastKnownFileType = sourcecode.swift; path = PhotoramaUITests.swift; sourceTree = "<group>"; };
		D916430523D18BEA00CCBD71 /* Info.plist */ = {isa = PBXFileReference; lastKnownFileType = text.plist.xml; path = Info.plist; sourceTree = "<group>"; };
/* End PBXFileReference section */

/* Begin PBXFrameworksBuildPhase section */
		D91642DB23D18BE700CCBD71 /* Frameworks */ = {
			isa = PBXFrameworksBuildPhase;
			buildActionMask = 2147483647;
			files = (
			);
			runOnlyForDeploymentPostprocessing = 0;
		};
		D91642F123D18BE900CCBD71 /* Frameworks */ = {
			isa = PBXFrameworksBuildPhase;
			buildActionMask = 2147483647;
			files = (
			);
			runOnlyForDeploymentPostprocessing = 0;
		};
		D91642FC23D18BEA00CCBD71 /* Frameworks */ = {
			isa = PBXFrameworksBuildPhase;
			buildActionMask = 2147483647;
			files = (
			);
			runOnlyForDeploymentPostprocessing = 0;
		};
/* End PBXFrameworksBuildPhase section */

/* Begin PBXGroup section */
		D91642D523D18BE700CCBD71 = {
			isa = PBXGroup;
			children = (
				D91642E023D18BE700CCBD71 /* Photorama */,
				D91642F723D18BE900CCBD71 /* PhotoramaTests */,
				D916430223D18BEA00CCBD71 /* PhotoramaUITests */,
				D91642DF23D18BE700CCBD71 /* Products */,
			);
			sourceTree = "<group>";
		};
		D91642DF23D18BE700CCBD71 /* Products */ = {
			isa = PBXGroup;
			children = (
				D91642DE23D18BE700CCBD71 /* Photorama.app */,
				D91642F423D18BE900CCBD71 /* PhotoramaTests.xctest */,
				D91642FF23D18BEA00CCBD71 /* PhotoramaUITests.xctest */,
			);
			name = Products;
			sourceTree = "<group>";
		};
		D91642E023D18BE700CCBD71 /* Photorama */ = {
			isa = PBXGroup;
			children = (
				D91642E123D18BE700CCBD71 /* AppDelegate.swift */,
				D91642E323D18BE700CCBD71 /* SceneDelegate.swift */,
				D91642E523D18BE700CCBD71 /* ViewController.swift */,
				D91642E723D18BE700CCBD71 /* Main.storyboard */,
				D91642EA23D18BE900CCBD71 /* Assets.xcassets */,
				D91642EC23D18BE900CCBD71 /* LaunchScreen.storyboard */,
				D91642EF23D18BE900CCBD71 /* Info.plist */,
			);
			path = Photorama;
			sourceTree = "<group>";
		};
		D91642F723D18BE900CCBD71 /* PhotoramaTests */ = {
			isa = PBXGroup;
			children = (
				D91642F823D18BE900CCBD71 /* PhotoramaTests.swift */,
				D91642FA23D18BE900CCBD71 /* Info.plist */,
			);
			path = PhotoramaTests;
			sourceTree = "<group>";
		};
		D916430223D18BEA00CCBD71 /* PhotoramaUITests */ = {
			isa = PBXGroup;
			children = (
				D916430323D18BEA00CCBD71 /* PhotoramaUITests.swift */,
				D916430523D18BEA00CCBD71 /* Info.plist */,
			);
			path = PhotoramaUITests;
			sourceTree = "<group>";
		};
/* End PBXGroup section */

/* Begin PBXNativeTarget section */
		D91642DD23D18BE700CCBD71 /* Photorama */ = {
			isa = PBXNativeTarget;
			buildConfigurationList = D916430823D18BEA00CCBD71 /* Build configuration list for PBXNativeTarget "Photorama" */;
			buildPhases = (
				D91642DA23D18BE700CCBD71 /* Sources */,
				D91642DB23D18BE700CCBD71 /* Frameworks */,
				D91642DC23D18BE700CCBD71 /* Resources */,
			);
			buildRules = (
			);
			dependencies = (
			);
			name = Photorama;
			productName = Photorama;
			productReference = D91642DE23D18BE700CCBD71 /* Photorama.app */;
			productType = "com.apple.product-type.application";
		};
		D91642F323D18BE900CCBD71 /* PhotoramaTests */ = {
			isa = PBXNativeTarget;
			buildConfigurationList = D916430B23D18BEA00CCBD71 /* Build configuration list for PBXNativeTarget "PhotoramaTests" */;
			buildPhases = (
				D91642F023D18BE900CCBD71 /* Sources */,
				D91642F123D18BE900CCBD71 /* Frameworks */,
				D91642F223D18BE900CCBD71 /* Resources */,
			);
			buildRules = (
			);
			dependencies = (
				D91642F623D18BE900CCBD71 /* PBXTargetDependency */,
			);
			name = PhotoramaTests;
			productName = PhotoramaTests;
			productReference = D91642F423D18BE900CCBD71 /* PhotoramaTests.xctest */;
			productType = "com.apple.product-type.bundle.unit-test";
		};
		D91642FE23D18BEA00CCBD71 /* PhotoramaUITests */ = {
			isa = PBXNativeTarget;
			buildConfigurationList = D916430E23D18BEA00CCBD71 /* Build configuration list for PBXNativeTarget "PhotoramaUITests" */;
			buildPhases = (
				D91642FB23D18BEA00CCBD71 /* Sources */,
				D91642FC23D18BEA00CCBD71 /* Frameworks */,
				D91642FD23D18BEA00CCBD71 /* Resources */,
			);
			buildRules = (
			);
			dependencies = (
				D916430123D18BEA00CCBD71 /* PBXTargetDependency */,
			);
			name = PhotoramaUITests;
			productName = PhotoramaUITests;
			productReference = D91642FF23D18BEA00CCBD71 /* PhotoramaUITests.xctest */;
			productType = "com.apple.product-type.bundle.ui-testing";
		};
/* End PBXNativeTarget section */

/* Begin PBXProject section */
		D91642D623D18BE700CCBD71 /* Project object */ = {
			isa = PBXProject;
			attributes = {
				LastSwiftUpdateCheck = 1120;
				LastUpgradeCheck = 1120;
				ORGANIZATIONNAME = HaroldDavidson;
				TargetAttributes = {
					D91642DD23D18BE700CCBD71 = {
						CreatedOnToolsVersion = 11.2.1;
					};
					D91642F323D18BE900CCBD71 = {
						CreatedOnToolsVersion = 11.2.1;
						TestTargetID = D91642DD23D18BE700CCBD71;
					};
					D91642FE23D18BEA00CCBD71 = {
						CreatedOnToolsVersion = 11.2.1;
						TestTargetID = D91642DD23D18BE700CCBD71;
					};
				};
			};
			buildConfigurationList = D91642D923D18BE700CCBD71 /* Build configuration list for PBXProject "Photorama" */;
			compatibilityVersion = "Xcode 9.3";
			developmentRegion = en;
			hasScannedForEncodings = 0;
			knownRegions = (
				en,
				Base,
			);
			mainGroup = D91642D523D18BE700CCBD71;
			productRefGroup = D91642DF23D18BE700CCBD71 /* Products */;
			projectDirPath = "";
			projectRoot = "";
			targets = (
				D91642DD23D18BE700CCBD71 /* Photorama */,
				D91642F323D18BE900CCBD71 /* PhotoramaTests */,
				D91642FE23D18BEA00CCBD71 /* PhotoramaUITests */,
			);
		};
/* End PBXProject section */

/* Begin PBXResourcesBuildPhase section */
		D91642DC23D18BE700CCBD71 /* Resources */ = {
			isa = PBXResourcesBuildPhase;
			buildActionMask = 2147483647;
			files = (
				D91642EE23D18BE900CCBD71 /* LaunchScreen.storyboard in Resources */,
				D91642EB23D18BE900CCBD71 /* Assets.xcassets in Resources */,
				D91642E923D18BE700CCBD71 /* Main.storyboard in Resources */,
			);
			runOnlyForDeploymentPostprocessing = 0;
		};
		D91642F223D18BE900CCBD71 /* Resources */ = {
			isa = PBXResourcesBuildPhase;
			buildActionMask = 2147483647;
			files = (
			);
			runOnlyForDeploymentPostprocessing = 0;
		};
		D91642FD23D18BEA00CCBD71 /* Resources */ = {
			isa = PBXResourcesBuildPhase;
			buildActionMask = 2147483647;
			files = (
			);
			runOnlyForDeploymentPostprocessing = 0;
		};
/* End PBXResourcesBuildPhase section */

/* Begin PBXSourcesBuildPhase section */
		D91642DA23D18BE700CCBD71 /* Sources */ = {
			isa = PBXSourcesBuildPhase;
			buildActionMask = 2147483647;
			files = (
				D91642E623D18BE700CCBD71 /* ViewController.swift in Sources */,
				D91642E223D18BE700CCBD71 /* AppDelegate.swift in Sources */,
				D91642E423D18BE700CCBD71 /* SceneDelegate.swift in Sources */,
			);
			runOnlyForDeploymentPostprocessing = 0;
		};
		D91642F023D18BE900CCBD71 /* Sources */ = {
			isa = PBXSourcesBuildPhase;
			buildActionMask = 2147483647;
			files = (
				D91642F923D18BE900CCBD71 /* PhotoramaTests.swift in Sources */,
			);
			runOnlyForDeploymentPostprocessing = 0;
		};
		D91642FB23D18BEA00CCBD71 /* Sources */ = {
			isa = PBXSourcesBuildPhase;
			buildActionMask = 2147483647;
			files = (
				D916430423D18BEA00CCBD71 /* PhotoramaUITests.swift in Sources */,
			);
			runOnlyForDeploymentPostprocessing = 0;
		};
/* End PBXSourcesBuildPhase section */

/* Begin PBXTargetDependency section */
		D91642F623D18BE900CCBD71 /* PBXTargetDependency */ = {
			isa = PBXTargetDependency;
			target = D91642DD23D18BE700CCBD71 /* Photorama */;
			targetProxy = D91642F523D18BE900CCBD71 /* PBXContainerItemProxy */;
		};
		D916430123D18BEA00CCBD71 /* PBXTargetDependency */ = {
			isa = PBXTargetDependency;
			target = D91642DD23D18BE700CCBD71 /* Photorama */;
			targetProxy = D916430023D18BEA00CCBD71 /* PBXContainerItemProxy */;
		};
/* End PBXTargetDependency section */

/* Begin PBXVariantGroup section */
		D91642E723D18BE700CCBD71 /* Main.storyboard */ = {
			isa = PBXVariantGroup;
			children = (
				D91642E823D18BE700CCBD71 /* Base */,
			);
			name = Main.storyboard;
			sourceTree = "<group>";
		};
		D91642EC23D18BE900CCBD71 /* LaunchScreen.storyboard */ = {
			isa = PBXVariantGroup;
			children = (
				D91642ED23D18BE900CCBD71 /* Base */,
			);
			name = LaunchScreen.storyboard;
			sourceTree = "<group>";
		};
/* End PBXVariantGroup section */

/* Begin XCBuildConfiguration section */
		D916430623D18BEA00CCBD71 /* Debug */ = {
			isa = XCBuildConfiguration;
			buildSettings = {
				ALWAYS_SEARCH_USER_PATHS = NO;
				CLANG_ANALYZER_NONNULL = YES;
				CLANG_ANALYZER_NUMBER_OBJECT_CONVERSION = YES_AGGRESSIVE;
				CLANG_CXX_LANGUAGE_STANDARD = "gnu++14";
				CLANG_CXX_LIBRARY = "libc++";
				CLANG_ENABLE_MODULES = YES;
				CLANG_ENABLE_OBJC_ARC = YES;
				CLANG_ENABLE_OBJC_WEAK = YES;
				CLANG_WARN_BLOCK_CAPTURE_AUTORELEASING = YES;
				CLANG_WARN_BOOL_CONVERSION = YES;
				CLANG_WARN_COMMA = YES;
				CLANG_WARN_CONSTANT_CONVERSION = YES;
				CLANG_WARN_DEPRECATED_OBJC_IMPLEMENTATIONS = YES;
				CLANG_WARN_DIRECT_OBJC_ISA_USAGE = YES_ERROR;
				CLANG_WARN_DOCUMENTATION_COMMENTS = YES;
				CLANG_WARN_EMPTY_BODY = YES;
				CLANG_WARN_ENUM_CONVERSION = YES;
				CLANG_WARN_INFINITE_RECURSION = YES;
				CLANG_WARN_INT_CONVERSION = YES;
				CLANG_WARN_NON_LITERAL_NULL_CONVERSION = YES;
				CLANG_WARN_OBJC_IMPLICIT_RETAIN_SELF = YES;
				CLANG_WARN_OBJC_LITERAL_CONVERSION = YES;
				CLANG_WARN_OBJC_ROOT_CLASS = YES_ERROR;
				CLANG_WARN_RANGE_LOOP_ANALYSIS = YES;
				CLANG_WARN_STRICT_PROTOTYPES = YES;
				CLANG_WARN_SUSPICIOUS_MOVE = YES;
				CLANG_WARN_UNGUARDED_AVAILABILITY = YES_AGGRESSIVE;
				CLANG_WARN_UNREACHABLE_CODE = YES;
				CLANG_WARN__DUPLICATE_METHOD_MATCH = YES;
				COPY_PHASE_STRIP = NO;
				DEBUG_INFORMATION_FORMAT = dwarf;
				ENABLE_STRICT_OBJC_MSGSEND = YES;
				ENABLE_TESTABILITY = YES;
				GCC_C_LANGUAGE_STANDARD = gnu11;
				GCC_DYNAMIC_NO_PIC = NO;
				GCC_NO_COMMON_BLOCKS = YES;
				GCC_OPTIMIZATION_LEVEL = 0;
				GCC_PREPROCESSOR_DEFINITIONS = (
					"DEBUG=1",
					"$(inherited)",
				);
				GCC_WARN_64_TO_32_BIT_CONVERSION = YES;
				GCC_WARN_ABOUT_RETURN_TYPE = YES_ERROR;
				GCC_WARN_UNDECLARED_SELECTOR = YES;
				GCC_WARN_UNINITIALIZED_AUTOS = YES_AGGRESSIVE;
				GCC_WARN_UNUSED_FUNCTION = YES;
				GCC_WARN_UNUSED_VARIABLE = YES;
				IPHONEOS_DEPLOYMENT_TARGET = 13.2;
				MTL_ENABLE_DEBUG_INFO = INCLUDE_SOURCE;
				MTL_FAST_MATH = YES;
				ONLY_ACTIVE_ARCH = YES;
				SDKROOT = iphoneos;
				SWIFT_ACTIVE_COMPILATION_CONDITIONS = DEBUG;
				SWIFT_OPTIMIZATION_LEVEL = "-Onone";
			};
			name = Debug;
		};
		D916430723D18BEA00CCBD71 /* Release */ = {
			isa = XCBuildConfiguration;
			buildSettings = {
				ALWAYS_SEARCH_USER_PATHS = NO;
				CLANG_ANALYZER_NONNULL = YES;
				CLANG_ANALYZER_NUMBER_OBJECT_CONVERSION = YES_AGGRESSIVE;
				CLANG_CXX_LANGUAGE_STANDARD = "gnu++14";
				CLANG_CXX_LIBRARY = "libc++";
				CLANG_ENABLE_MODULES = YES;
				CLANG_ENABLE_OBJC_ARC = YES;
				CLANG_ENABLE_OBJC_WEAK = YES;
				CLANG_WARN_BLOCK_CAPTURE_AUTORELEASING = YES;
				CLANG_WARN_BOOL_CONVERSION = YES;
				CLANG_WARN_COMMA = YES;
				CLANG_WARN_CONSTANT_CONVERSION = YES;
				CLANG_WARN_DEPRECATED_OBJC_IMPLEMENTATIONS = YES;
				CLANG_WARN_DIRECT_OBJC_ISA_USAGE = YES_ERROR;
				CLANG_WARN_DOCUMENTATION_COMMENTS = YES;
				CLANG_WARN_EMPTY_BODY = YES;
				CLANG_WARN_ENUM_CONVERSION = YES;
				CLANG_WARN_INFINITE_RECURSION = YES;
				CLANG_WARN_INT_CONVERSION = YES;
				CLANG_WARN_NON_LITERAL_NULL_CONVERSION = YES;
				CLANG_WARN_OBJC_IMPLICIT_RETAIN_SELF = YES;
				CLANG_WARN_OBJC_LITERAL_CONVERSION = YES;
				CLANG_WARN_OBJC_ROOT_CLASS = YES_ERROR;
				CLANG_WARN_RANGE_LOOP_ANALYSIS = YES;
				CLANG_WARN_STRICT_PROTOTYPES = YES;
				CLANG_WARN_SUSPICIOUS_MOVE = YES;
				CLANG_WARN_UNGUARDED_AVAILABILITY = YES_AGGRESSIVE;
				CLANG_WARN_UNREACHABLE_CODE = YES;
				CLANG_WARN__DUPLICATE_METHOD_MATCH = YES;
				COPY_PHASE_STRIP = NO;
				DEBUG_INFORMATION_FORMAT = "dwarf-with-dsym";
				ENABLE_NS_ASSERTIONS = NO;
				ENABLE_STRICT_OBJC_MSGSEND = YES;
				GCC_C_LANGUAGE_STANDARD = gnu11;
				GCC_NO_COMMON_BLOCKS = YES;
				GCC_WARN_64_TO_32_BIT_CONVERSION = YES;
				GCC_WARN_ABOUT_RETURN_TYPE = YES_ERROR;
				GCC_WARN_UNDECLARED_SELECTOR = YES;
				GCC_WARN_UNINITIALIZED_AUTOS = YES_AGGRESSIVE;
				GCC_WARN_UNUSED_FUNCTION = YES;
				GCC_WARN_UNUSED_VARIABLE = YES;
				IPHONEOS_DEPLOYMENT_TARGET = 13.2;
				MTL_ENABLE_DEBUG_INFO = NO;
				MTL_FAST_MATH = YES;
				SDKROOT = iphoneos;
				SWIFT_COMPILATION_MODE = wholemodule;
				SWIFT_OPTIMIZATION_LEVEL = "-O";
				VALIDATE_PRODUCT = YES;
			};
			name = Release;
		};
		D916430923D18BEA00CCBD71 /* Debug */ = {
			isa = XCBuildConfiguration;
			buildSettings = {
				ASSETCATALOG_COMPILER_APPICON_NAME = AppIcon;
				CODE_SIGN_STYLE = Automatic;
				DEVELOPMENT_TEAM = 82G9R7QR7M;
				INFOPLIST_FILE = Photorama/Info.plist;
				LD_RUNPATH_SEARCH_PATHS = (
					"$(inherited)",
					"@executable_path/Frameworks",
				);
				PRODUCT_BUNDLE_IDENTIFIER = com.harolddavidson.Photorama;
				PRODUCT_NAME = "$(TARGET_NAME)";
				SWIFT_VERSION = 5.0;
				TARGETED_DEVICE_FAMILY = "1,2";
			};
			name = Debug;
		};
		D916430A23D18BEA00CCBD71 /* Release */ = {
			isa = XCBuildConfiguration;
			buildSettings = {
				ASSETCATALOG_COMPILER_APPICON_NAME = AppIcon;
				CODE_SIGN_STYLE = Automatic;
				DEVELOPMENT_TEAM = 82G9R7QR7M;
				INFOPLIST_FILE = Photorama/Info.plist;
				LD_RUNPATH_SEARCH_PATHS = (
					"$(inherited)",
					"@executable_path/Frameworks",
				);
				PRODUCT_BUNDLE_IDENTIFIER = com.harolddavidson.Photorama;
				PRODUCT_NAME = "$(TARGET_NAME)";
				SWIFT_VERSION = 5.0;
				TARGETED_DEVICE_FAMILY = "1,2";
			};
			name = Release;
		};
		D916430C23D18BEA00CCBD71 /* Debug */ = {
			isa = XCBuildConfiguration;
			buildSettings = {
				ALWAYS_EMBED_SWIFT_STANDARD_LIBRARIES = YES;
				BUNDLE_LOADER = "$(TEST_HOST)";
				CODE_SIGN_STYLE = Automatic;
				DEVELOPMENT_TEAM = 82G9R7QR7M;
				INFOPLIST_FILE = PhotoramaTests/Info.plist;
				IPHONEOS_DEPLOYMENT_TARGET = 13.2;
				LD_RUNPATH_SEARCH_PATHS = (
					"$(inherited)",
					"@executable_path/Frameworks",
					"@loader_path/Frameworks",
				);
				PRODUCT_BUNDLE_IDENTIFIER = com.harolddavidson.PhotoramaTests;
				PRODUCT_NAME = "$(TARGET_NAME)";
				SWIFT_VERSION = 5.0;
				TARGETED_DEVICE_FAMILY = "1,2";
				TEST_HOST = "$(BUILT_PRODUCTS_DIR)/Photorama.app/Photorama";
			};
			name = Debug;
		};
		D916430D23D18BEA00CCBD71 /* Release */ = {
			isa = XCBuildConfiguration;
			buildSettings = {
				ALWAYS_EMBED_SWIFT_STANDARD_LIBRARIES = YES;
				BUNDLE_LOADER = "$(TEST_HOST)";
				CODE_SIGN_STYLE = Automatic;
				DEVELOPMENT_TEAM = 82G9R7QR7M;
				INFOPLIST_FILE = PhotoramaTests/Info.plist;
				IPHONEOS_DEPLOYMENT_TARGET = 13.2;
				LD_RUNPATH_SEARCH_PATHS = (
					"$(inherited)",
					"@executable_path/Frameworks",
					"@loader_path/Frameworks",
				);
				PRODUCT_BUNDLE_IDENTIFIER = com.harolddavidson.PhotoramaTests;
				PRODUCT_NAME = "$(TARGET_NAME)";
				SWIFT_VERSION = 5.0;
				TARGETED_DEVICE_FAMILY = "1,2";
				TEST_HOST = "$(BUILT_PRODUCTS_DIR)/Photorama.app/Photorama";
			};
			name = Release;
		};
		D916430F23D18BEA00CCBD71 /* Debug */ = {
			isa = XCBuildConfiguration;
			buildSettings = {
				ALWAYS_EMBED_SWIFT_STANDARD_LIBRARIES = YES;
				CODE_SIGN_STYLE = Automatic;
				DEVELOPMENT_TEAM = 82G9R7QR7M;
				INFOPLIST_FILE = PhotoramaUITests/Info.plist;
				LD_RUNPATH_SEARCH_PATHS = (
					"$(inherited)",
					"@executable_path/Frameworks",
					"@loader_path/Frameworks",
				);
				PRODUCT_BUNDLE_IDENTIFIER = com.harolddavidson.PhotoramaUITests;
				PRODUCT_NAME = "$(TARGET_NAME)";
				SWIFT_VERSION = 5.0;
				TARGETED_DEVICE_FAMILY = "1,2";
				TEST_TARGET_NAME = Photorama;
			};
			name = Debug;
		};
		D916431023D18BEA00CCBD71 /* Release */ = {
			isa = XCBuildConfiguration;
			buildSettings = {
				ALWAYS_EMBED_SWIFT_STANDARD_LIBRARIES = YES;
				CODE_SIGN_STYLE = Automatic;
				DEVELOPMENT_TEAM = 82G9R7QR7M;
				INFOPLIST_FILE = PhotoramaUITests/Info.plist;
				LD_RUNPATH_SEARCH_PATHS = (
					"$(inherited)",
					"@executable_path/Frameworks",
					"@loader_path/Frameworks",
				);
				PRODUCT_BUNDLE_IDENTIFIER = com.harolddavidson.PhotoramaUITests;
				PRODUCT_NAME = "$(TARGET_NAME)";
				SWIFT_VERSION = 5.0;
				TARGETED_DEVICE_FAMILY = "1,2";
				TEST_TARGET_NAME = Photorama;
			};
			name = Release;
		};
/* End XCBuildConfiguration section */

/* Begin XCConfigurationList section */
		D91642D923D18BE700CCBD71 /* Build configuration list for PBXProject "Photorama" */ = {
			isa = XCConfigurationList;
			buildConfigurations = (
				D916430623D18BEA00CCBD71 /* Debug */,
				D916430723D18BEA00CCBD71 /* Release */,
			);
			defaultConfigurationIsVisible = 0;
			defaultConfigurationName = Release;
		};
		D916430823D18BEA00CCBD71 /* Build configuration list for PBXNativeTarget "Photorama" */ = {
			isa = XCConfigurationList;
			buildConfigurations = (
				D916430923D18BEA00CCBD71 /* Debug */,
				D916430A23D18BEA00CCBD71 /* Release */,
			);
			defaultConfigurationIsVisible = 0;
			defaultConfigurationName = Release;
		};
		D916430B23D18BEA00CCBD71 /* Build configuration list for PBXNativeTarget "PhotoramaTests" */ = {
			isa = XCConfigurationList;
			buildConfigurations = (
				D916430C23D18BEA00CCBD71 /* Debug */,
				D916430D23D18BEA00CCBD71 /* Release */,
			);
			defaultConfigurationIsVisible = 0;
			defaultConfigurationName = Release;
		};
		D916430E23D18BEA00CCBD71 /* Build configuration list for PBXNativeTarget "PhotoramaUITests" */ = {
			isa = XCConfigurationList;
			buildConfigurations = (
				D916430F23D18BEA00CCBD71 /* Debug */,
				D916431023D18BEA00CCBD71 /* Release */,
			);
			defaultConfigurationIsVisible = 0;
			defaultConfigurationName = Release;
		};
/* End XCConfigurationList section */
	};
	rootObject = D91642D623D18BE700CCBD71 /* Project object */;
}
